
Microsoft Visual Studio Solution File, Format Version 12.00
# Visual Studio 15
Project("{FAE04EC0-301F-11D3-BF4B-00C04F79EFBC}") = "Fungus", "Fungus.csproj", "{704C022E-E655-9CF2-DFE5-A4B9AFA71FCA}"
EndProject
Project("{FAE04EC0-301F-11D3-BF4B-00C04F79EFBC}") = "FungusExamples", "FungusExamples.csproj", "{F5A08A9F-176A-304E-9F41-A794DF306153}"
EndProject
Project("{FAE04EC0-301F-11D3-BF4B-00C04F79EFBC}") = "Assembly-CSharp", "Assembly-CSharp.csproj", "{110FE841-D678-4769-07B1-8170A9C1D250}"
EndProject
Project("{FAE04EC0-301F-11D3-BF4B-00C04F79EFBC}") = "FungusPlayModeTests", "FungusPlayModeTests.csproj", "{E462F25F-B3F2-53FB-F62C-EFB1A2256001}"
EndProject
Project("{FAE04EC0-301F-11D3-BF4B-00C04F79EFBC}") = "Fungus.UsfxrEditor", "Fungus.UsfxrEditor.csproj", "{B83FCF5B-8DB7-7336-D747-2A679A49869D}"
EndProject
Project("{FAE04EC0-301F-11D3-BF4B-00C04F79EFBC}") = "FungusEditor", "FungusEditor.csproj", "{17C947D2-16BA-F7EA-75C1-CBC416B97771}"
EndProject
Project("{FAE04EC0-301F-11D3-BF4B-00C04F79EFBC}") = "FungusEditorTests", "FungusEditorTests.csproj", "{FC6B4814-548A-9E81-4459-C298DA6A7A4D}"
EndProject
Project("{FAE04EC0-301F-11D3-BF4B-00C04F79EFBC}") = "Fungus.FungusLuaJSONCheckerEditor", "Fungus.FungusLuaJSONCheckerEditor.csproj", "{E1851938-9BA7-42CC-94A0-189177FF9E0F}"
EndProject
Project("{FAE04EC0-301F-11D3-BF4B-00C04F79EFBC}") = "Fungus.LineEndingsEditor", "Fungus.LineEndingsEditor.csproj", "{854D2F86-88AB-CE22-1C1B-25C1EF89907C}"
EndProject
Project("{FAE04EC0-301F-11D3-BF4B-00C04F79EFBC}") = "Fungus.FungusLuaEditor", "Fungus.FungusLuaEditor.csproj", "{3633E923-C06F-1C8B-D9B1-580610B1A657}"
EndProject
Global
	GlobalSection(SolutionConfigurationPlatforms) = preSolution
		Debug|Any CPU = Debug|Any CPU
		Release|Any CPU = Release|Any CPU
	EndGlobalSection
	GlobalSection(ProjectConfigurationPlatforms) = postSolution
		{704C022E-E655-9CF2-DFE5-A4B9AFA71FCA}.Debug|Any CPU.ActiveCfg = Debug|Any CPU
		{704C022E-E655-9CF2-DFE5-A4B9AFA71FCA}.Debug|Any CPU.Build.0 = Debug|Any CPU
		{704C022E-E655-9CF2-DFE5-A4B9AFA71FCA}.Release|Any CPU.ActiveCfg = Release|Any CPU
		{704C022E-E655-9CF2-DFE5-A4B9AFA71FCA}.Release|Any CPU.Build.0 = Release|Any CPU
		{F5A08A9F-176A-304E-9F41-A794DF306153}.Debug|Any CPU.ActiveCfg = Debug|Any CPU
		{F5A08A9F-176A-304E-9F41-A794DF306153}.Debug|Any CPU.Build.0 = Debug|Any CPU
		{F5A08A9F-176A-304E-9F41-A794DF306153}.Release|Any CPU.ActiveCfg = Release|Any CPU
		{F5A08A9F-176A-304E-9F41-A794DF306153}.Release|Any CPU.Build.0 = Release|Any CPU
		{110FE841-D678-4769-07B1-8170A9C1D250}.Debug|Any CPU.ActiveCfg = Debug|Any CPU
		{110FE841-D678-4769-07B1-8170A9C1D250}.Debug|Any CPU.Build.0 = Debug|Any CPU
		{110FE841-D678-4769-07B1-8170A9C1D250}.Release|Any CPU.ActiveCfg = Release|Any CPU
		{110FE841-D678-4769-07B1-8170A9C1D250}.Release|Any CPU.Build.0 = Release|Any CPU
		{E462F25F-B3F2-53FB-F62C-EFB1A2256001}.Debug|Any CPU.ActiveCfg = Debug|Any CPU
		{E462F25F-B3F2-53FB-F62C-EFB1A2256001}.Debug|Any CPU.Build.0 = Debug|Any CPU
		{E462F25F-B3F2-53FB-F62C-EFB1A2256001}.Release|Any CPU.ActiveCfg = Release|Any CPU
		{E462F25F-B3F2-53FB-F62C-EFB1A2256001}.Release|Any CPU.Build.0 = Release|Any CPU
		{B83FCF5B-8DB7-7336-D747-2A679A49869D}.Debug|Any CPU.ActiveCfg = Debug|Any CPU
		{B83FCF5B-8DB7-7336-D747-2A679A49869D}.Debug|Any CPU.Build.0 = Debug|Any CPU
		{B83FCF5B-8DB7-7336-D747-2A679A49869D}.Release|Any CPU.ActiveCfg = Release|Any CPU
		{B83FCF5B-8DB7-7336-D747-2A679A49869D}.Release|Any CPU.Build.0 = Release|Any CPU
		{17C947D2-16BA-F7EA-75C1-CBC416B97771}.Debug|Any CPU.ActiveCfg = Debug|Any CPU
		{17C947D2-16BA-F7EA-75C1-CBC416B97771}.Debug|Any CPU.Build.0 = Debug|Any CPU
		{17C947D2-16BA-F7EA-75C1-CBC416B97771}.Release|Any CPU.ActiveCfg = Release|Any CPU
		{17C947D2-16BA-F7EA-75C1-CBC416B97771}.Release|Any CPU.Build.0 = Release|Any CPU
		{FC6B4814-548A-9E81-4459-C298DA6A7A4D}.Debug|Any CPU.ActiveCfg = Debug|Any CPU
		{FC6B4814-548A-9E81-4459-C298DA6A7A4D}.Debug|Any CPU.Build.0 = Debug|Any CPU
		{FC6B4814-548A-9E81-4459-C298DA6A7A4D}.Release|Any CPU.ActiveCfg = Release|Any CPU
		{FC6B4814-548A-9E81-4459-C298DA6A7A4D}.Release|Any CPU.Build.0 = Release|Any CPU
		{E1851938-9BA7-42CC-94A0-189177FF9E0F}.Debug|Any CPU.ActiveCfg = Debug|Any CPU
		{E1851938-9BA7-42CC-94A0-189177FF9E0F}.Debug|Any CPU.Build.0 = Debug|Any CPU
		{E1851938-9BA7-42CC-94A0-189177FF9E0F}.Release|Any CPU.ActiveCfg = Release|Any CPU
		{E1851938-9BA7-42CC-94A0-189177FF9E0F}.Release|Any CPU.Build.0 = Release|Any CPU
		{854D2F86-88AB-CE22-1C1B-25C1EF89907C}.Debug|Any CPU.ActiveCfg = Debug|Any CPU
		{854D2F86-88AB-CE22-1C1B-25C1EF89907C}.Debug|Any CPU.Build.0 = Debug|Any CPU
		{854D2F86-88AB-CE22-1C1B-25C1EF89907C}.Release|Any CPU.ActiveCfg = Release|Any CPU
		{854D2F86-88AB-CE22-1C1B-25C1EF89907C}.Release|Any CPU.Build.0 = Release|Any CPU
		{3633E923-C06F-1C8B-D9B1-580610B1A657}.Debug|Any CPU.ActiveCfg = Debug|Any CPU
		{3633E923-C06F-1C8B-D9B1-580610B1A657}.Debug|Any CPU.Build.0 = Debug|Any CPU
		{3633E923-C06F-1C8B-D9B1-580610B1A657}.Release|Any CPU.ActiveCfg = Release|Any CPU
		{3633E923-C06F-1C8B-D9B1-580610B1A657}.Release|Any CPU.Build.0 = Release|Any CPU
	EndGlobalSection
	GlobalSection(SolutionProperties) = preSolution
		HideSolutionNode = FALSE
	EndGlobalSection
EndGlobal
